Microsoft Visual Studio Solution File, Format Version 12.00
# Visual Studio Version 18
VisualStudioVersion = 18.3.11310.294 d18.3
MinimumVisualStudioVersion = 10.0.40219.1
Project("{FAE04EC0-301F-11D3-BF4B-00C04F79EFBC}") = "ShellUI.Native.Core", "src\ShellUI.Native.Core\ShellUI.Native.Core.csproj", "{A1B2C3D4-E5F6-1234-5678-9ABCDEF01234}"
EndProject
Project("{FAE04EC0-301F-11D3-BF4B-00C04F79EFBC}") = "ShellUI.Native.Templates", "src\ShellUI.Native.Templates\ShellUI.Native.Templates.csproj", "{B2C3D4E5-F6A1-2345-6789-ABCDEF012345}"
EndProject
Project("{FAE04EC0-301F-11D3-BF4B-00C04F79EFBC}") = "ShellUI.Native.CLI", "src\ShellUI.Native.CLI\ShellUI.Native.CLI.csproj", "{C3D4E5F6-A1B2-3456-789A-BCDEF0123456}"
EndProject
Project("{FAE04EC0-301F-11D3-BF4B-00C04F79EFBC}") = "MAUI.Demo", "examples\MAUI.Demo\MAUI.Demo.csproj", "{D5E6F7A8-B9C0-1234-5678-DEF012345678}"
EndProject
Project("{2150E333-8FDC-42A3-9474-1A3956D46DE8}") = "src", "src", "{D4E5F6A1-B2C3-4567-89AB-CDEF01234567}"
EndProject
Project("{2150E333-8FDC-42A3-9474-1A3956D46DE8}") = "docs", "docs", "{E5F6A1B2-C3D4-5678-9ABC-DEF012345678}"
	ProjectSection(SolutionItems) = preProject
		docs\ARCHITECTURE.md = docs\ARCHITECTURE.md
		docs\BLAZOR_HYBRID.md = docs\BLAZOR_HYBRID.md
		docs\PLAN.md = docs\PLAN.md
		docs\README.md = docs\README.md
	EndProjectSection
EndProject
Project("{2150E333-8FDC-42A3-9474-1A3956D46DE8}") = "examples", "examples", "{F6A7B8C9-D0E1-2345-6789-ABC012345678}"
	ProjectSection(SolutionItems) = preProject
		examples\README.md = examples\README.md
	EndProjectSection
EndProject
Global
	GlobalSection(SolutionConfigurationPlatforms) = preSolution
		Debug|Any CPU = Debug|Any CPU
		Release|Any CPU = Release|Any CPU
	EndGlobalSection
	GlobalSection(ProjectConfigurationPlatforms) = postSolution
		{A1B2C3D4-E5F6-1234-5678-9ABCDEF01234}.Debug|Any CPU.ActiveCfg = Debug|Any CPU
		{A1B2C3D4-E5F6-1234-5678-9ABCDEF01234}.Debug|Any CPU.Build.0 = Debug|Any CPU
		{A1B2C3D4-E5F6-1234-5678-9ABCDEF01234}.Release|Any CPU.ActiveCfg = Release|Any CPU
		{A1B2C3D4-E5F6-1234-5678-9ABCDEF01234}.Release|Any CPU.Build.0 = Release|Any CPU
		{B2C3D4E5-F6A1-2345-6789-ABCDEF012345}.Debug|Any CPU.ActiveCfg = Debug|Any CPU
		{B2C3D4E5-F6A1-2345-6789-ABCDEF012345}.Debug|Any CPU.Build.0 = Debug|Any CPU
		{B2C3D4E5-F6A1-2345-6789-ABCDEF012345}.Release|Any CPU.ActiveCfg = Release|Any CPU
		{B2C3D4E5-F6A1-2345-6789-ABCDEF012345}.Release|Any CPU.Build.0 = Release|Any CPU
		{C3D4E5F6-A1B2-3456-789A-BCDEF0123456}.Debug|Any CPU.ActiveCfg = Debug|Any CPU
		{C3D4E5F6-A1B2-3456-789A-BCDEF0123456}.Debug|Any CPU.Build.0 = Debug|Any CPU
		{C3D4E5F6-A1B2-3456-789A-BCDEF0123456}.Release|Any CPU.ActiveCfg = Release|Any CPU
		{C3D4E5F6-A1B2-3456-789A-BCDEF0123456}.Release|Any CPU.Build.0 = Release|Any CPU
		{D5E6F7A8-B9C0-1234-5678-DEF012345678}.Debug|Any CPU.ActiveCfg = Debug|Any CPU
		{D5E6F7A8-B9C0-1234-5678-DEF012345678}.Debug|Any CPU.Build.0 = Debug|Any CPU
		{D5E6F7A8-B9C0-1234-5678-DEF012345678}.Debug|Any CPU.Deploy.0 = Debug|Any CPU
		{D5E6F7A8-B9C0-1234-5678-DEF012345678}.Release|Any CPU.ActiveCfg = Release|Any CPU
		{D5E6F7A8-B9C0-1234-5678-DEF012345678}.Release|Any CPU.Build.0 = Release|Any CPU
		{D5E6F7A8-B9C0-1234-5678-DEF012345678}.Release|Any CPU.Deploy.0 = Release|Any CPU
	EndGlobalSection
	GlobalSection(SolutionProperties) = preSolution
		HideSolutionNode = FALSE
	EndGlobalSection
	GlobalSection(NestedProjects) = preSolution
		{A1B2C3D4-E5F6-1234-5678-9ABCDEF01234} = {D4E5F6A1-B2C3-4567-89AB-CDEF01234567}
		{B2C3D4E5-F6A1-2345-6789-ABCDEF012345} = {D4E5F6A1-B2C3-4567-89AB-CDEF01234567}
		{C3D4E5F6-A1B2-3456-789A-BCDEF0123456} = {D4E5F6A1-B2C3-4567-89AB-CDEF01234567}
		{D5E6F7A8-B9C0-1234-5678-DEF012345678} = {F6A7B8C9-D0E1-2345-6789-ABC012345678}
	EndGlobalSection
	GlobalSection(ExtensibilityGlobals) = postSolution
		SolutionGuid = {F6A1B2C3-D4E5-6789-ABCD-EF0123456789}
	EndGlobalSection
EndGlobal
